
Microsoft Visual Studio Solution File, Format Version 12.00
# Visual Studio 2012
Project("{FAE04EC0-301F-11D3-BF4B-00C04F79EFBC}") = "jQueryUserInfoFromAdPlugin", "jQueryUserInfoFromAdPlugin\jQueryUserInfoFromAdPlugin.csproj", "{833AFB6D-7074-475C-AD04-20A5DACCEACE}"
EndProject
Global
	GlobalSection(SolutionConfigurationPlatforms) = preSolution
		Debug|Any CPU = Debug|Any CPU
		Release|Any CPU = Release|Any CPU
	EndGlobalSection
	GlobalSection(ProjectConfigurationPlatforms) = postSolution
		{833AFB6D-7074-475C-AD04-20A5DACCEACE}.Debug|Any CPU.ActiveCfg = Debug|Any CPU
		{833AFB6D-7074-475C-AD04-20A5DACCEACE}.Debug|Any CPU.Build.0 = Debug|Any CPU
		{833AFB6D-7074-475C-AD04-20A5DACCEACE}.Release|Any CPU.ActiveCfg = Release|Any CPU
		{833AFB6D-7074-475C-AD04-20A5DACCEACE}.Release|Any CPU.Build.0 = Release|Any CPU
	EndGlobalSection
	GlobalSection(SolutionProperties) = preSolution
		HideSolutionNode = FALSE
	EndGlobalSection
EndGlobal
